{
  "version": 4,
  "terraform_version": "0.14.5",
  "serial": 336,
  "lineage": "2a3c4585-2c0d-81cf-a6e9-be6eb12b5d30",
  "outputs": {},
  "resources": [
    {
      "mode": "managed",
      "type": "vsphere_host_port_group",
      "name": "internal",
      "provider": "provider[\"registry.terraform.io/hashicorp/vsphere\"]",
      "instances": [
        {
          "index_key": 0,
          "schema_version": 0,
          "attributes": {
            "active_nics": null,
            "allow_forged_transmits": null,
            "allow_mac_changes": null,
            "allow_promiscuous": null,
            "check_beacon": null,
            "computed_policy": {
              "active_nics.#": "1",
              "active_nics.0": "vmnic1",
              "allow_forged_transmits": "true",
              "allow_mac_changes": "true",
              "allow_promiscuous": "false",
              "check_beacon": "false",
              "failback": "true",
              "notify_switches": "true",
              "shaping_average_bandwidth": "0",
              "shaping_burst_size": "0",
              "shaping_enabled": "false",
              "shaping_peak_bandwidth": "0",
              "standby_nics.#": "0",
              "teaming_policy": "loadbalance_srcid"
            },
            "failback": null,
            "host_system_id": "host-10",
            "id": "tf-HostPortGroup:host-10:INTERNAL",
            "key": "key-vim.host.PortGroup-INTERNAL",
            "name": "INTERNAL",
            "notify_switches": null,
            "ports": [],
            "shaping_average_bandwidth": 0,
            "shaping_burst_size": 0,
            "shaping_enabled": null,
            "shaping_peak_bandwidth": 0,
            "standby_nics": null,
            "teaming_policy": "",
            "virtual_switch_name": "vSwitch1",
            "vlan_id": 0
          },
          "sensitive_attributes": []
        }
      ]
    }
  ]
}
